Microsoft Visual Studio Solution File, Format Version 9.00
# Visual Studio 2005
Project("{FAE04EC0-301F-11D3-BF4B-00C04F79EFBC}") = "SimControlService", "SimControlService.csproj", "{79EB2ECB-EC66-4D59-BECA-63360B986A10}"
EndProject
Project("{54435603-DBB4-11D2-8724-00A0C9A8B90C}") = "SimControlServiceSetup", "SimControlServiceSetup\SimControlServiceSetup.vdproj", "{86918836-14E0-480D-9E60-5517F3C78E17}"
EndProject
Global
	GlobalSection(SolutionConfigurationPlatforms) = preSolution
		Debug|Any CPU = Debug|Any CPU
		Release|Any CPU = Release|Any CPU
	EndGlobalSection
	GlobalSection(ProjectConfigurationPlatforms) = postSolution
		{79EB2ECB-EC66-4D59-BECA-63360B986A10}.Debug|Any CPU.ActiveCfg = Debug|Any CPU
		{79EB2ECB-EC66-4D59-BECA-63360B986A10}.Debug|Any CPU.Build.0 = Debug|Any CPU
		{79EB2ECB-EC66-4D59-BECA-63360B986A10}.Release|Any CPU.ActiveCfg = Release|Any CPU
		{79EB2ECB-EC66-4D59-BECA-63360B986A10}.Release|Any CPU.Build.0 = Release|Any CPU
		{86918836-14E0-480D-9E60-5517F3C78E17}.Debug|Any CPU.ActiveCfg = Debug
		{86918836-14E0-480D-9E60-5517F3C78E17}.Release|Any CPU.ActiveCfg = Release
	EndGlobalSection
	GlobalSection(SolutionProperties) = preSolution
		HideSolutionNode = FALSE
	EndGlobalSection
EndGlobal
