Microsoft Visual Studio Solution File, Format Version 8.00
Project("{FAE04EC0-301F-11D3-BF4B-00C04F79EFBC}") = "DatabaseManager", "DatabaseManager.csproj", "{0FA57E04-3936-4D67-B6CD-D1F6FEC96B11}"
	ProjectSection(ProjectDependencies) = postProject
	EndProjectSection
EndProject
Project("{FAE04EC0-301F-11D3-BF4B-00C04F79EFBC}") = "MrktSimDb", "..\..\Database\MrktSimDb\MrktSimDb.csproj", "{9DA9597C-A718-4779-B76C-CD68BFF97482}"
	ProjectSection(ProjectDependencies) = postProject
	EndProjectSection
EndProject
Global
	GlobalSection(SolutionConfiguration) = preSolution
		Debug = Debug
		Release = Release
	EndGlobalSection
	GlobalSection(ProjectConfiguration) = postSolution
		{0FA57E04-3936-4D67-B6CD-D1F6FEC96B11}.Debug.ActiveCfg = Debug|.NET
		{0FA57E04-3936-4D67-B6CD-D1F6FEC96B11}.Debug.Build.0 = Debug|.NET
		{0FA57E04-3936-4D67-B6CD-D1F6FEC96B11}.Release.ActiveCfg = Release|.NET
		{0FA57E04-3936-4D67-B6CD-D1F6FEC96B11}.Release.Build.0 = Release|.NET
		{9DA9597C-A718-4779-B76C-CD68BFF97482}.Debug.ActiveCfg = Debug|.NET
		{9DA9597C-A718-4779-B76C-CD68BFF97482}.Debug.Build.0 = Debug|.NET
		{9DA9597C-A718-4779-B76C-CD68BFF97482}.Release.ActiveCfg = Release|.NET
		{9DA9597C-A718-4779-B76C-CD68BFF97482}.Release.Build.0 = Release|.NET
	EndGlobalSection
	GlobalSection(ExtensibilityGlobals) = postSolution
	EndGlobalSection
	GlobalSection(ExtensibilityAddIns) = postSolution
	EndGlobalSection
EndGlobal
