
Microsoft Visual Studio Solution File, Format Version 10.00
# Visual Studio 2008
Project("{FAE04EC0-301F-11D3-BF4B-00C04F79EFBC}") = "HouseholdManager", "HouseholdManager\HouseholdManager.csproj", "{7A13B3BB-E7CB-432A-8A08-2682F7CD97E7}"
EndProject
Project("{FAE04EC0-301F-11D3-BF4B-00C04F79EFBC}") = "Formatter", "Parser\Formatter.csproj", "{DF0D5621-C2FE-4B78-8F25-03B210E2026F}"
EndProject
Project("{FAE04EC0-301F-11D3-BF4B-00C04F79EFBC}") = "DpSimQueue", "..\common\DpSimQueue\DpSimQueue.csproj", "{73F9A774-7B05-4418-84AB-68DF155D2C84}"
EndProject
Project("{FAE04EC0-301F-11D3-BF4B-00C04F79EFBC}") = "SimFrame", "..\common\SimFrame\SimFrame.csproj", "{AB097D92-6A0D-436D-B074-B4D008001866}"
EndProject
Project("{FAE04EC0-301F-11D3-BF4B-00C04F79EFBC}") = "SimInterface", "..\common\SimInterface\SimInterface.csproj", "{37D02378-0522-4980-AA94-0BBB88FB5FEF}"
EndProject
Project("{FAE04EC0-301F-11D3-BF4B-00C04F79EFBC}") = "FlySim", "..\simulations\FlySim\FlySim.csproj", "{44DD31E3-B3E1-4C2C-A1A0-06D0747F7E80}"
EndProject
Project("{FAE04EC0-301F-11D3-BF4B-00C04F79EFBC}") = "HouseholdLibrary", "..\common\HouseholdLibrary\HouseholdLibrary.csproj", "{13FDDD02-D803-4F17-BFA9-2905D3C0521C}"
EndProject
Project("{FAE04EC0-301F-11D3-BF4B-00C04F79EFBC}") = "GeoFormatter", "GeoFormatter\GeoFormatter.csproj", "{0AE3DE75-ECDE-4124-B8E1-0B1C8698C0F7}"
EndProject
Project("{FAE04EC0-301F-11D3-BF4B-00C04F79EFBC}") = "GeoLibrary", "..\common\GeoLibrary\GeoLibrary.csproj", "{008A0919-4554-4AB2-A6F5-C67F8996257F}"
EndProject
Project("{FAE04EC0-301F-11D3-BF4B-00C04F79EFBC}") = "PopulationGenerator", "PopulationGenerator\PopulationGenerator.csproj", "{A9C3EB8A-136E-4BE1-8F46-3225BEAD9A44}"
EndProject
Project("{54435603-DBB4-11D2-8724-00A0C9A8B90C}") = "Installer", "Installer\Installer.vdproj", "{41FA76A9-6421-4A34-8AD4-CB6D6C7EF797}"
EndProject
Project("{FAE04EC0-301F-11D3-BF4B-00C04F79EFBC}") = "MediaManager", "MediaManager\MediaManager.csproj", "{439DF11F-8754-4BF5-A97A-8A6B9EFB5A6E}"
EndProject
Project("{FAE04EC0-301F-11D3-BF4B-00C04F79EFBC}") = "Calibration", "Calibration\Calibration.csproj", "{CE0840DF-478E-4FE6-845F-F62A41DC60F7}"
EndProject
Project("{FAE04EC0-301F-11D3-BF4B-00C04F79EFBC}") = "DemographicLibrary", "..\common\DemographicLibrary\DemographicLibrary.csproj", "{042635F8-77B9-4A08-B14C-FACDCEC02395}"
EndProject
Project("{FAE04EC0-301F-11D3-BF4B-00C04F79EFBC}") = "MediaLibrary", "..\common\MediaLibrary\MediaLibrary.csproj", "{B26B3E59-D5C1-4021-B6CC-466B154F4939}"
EndProject
Project("{FAE04EC0-301F-11D3-BF4B-00C04F79EFBC}") = "AdPlanitSimController", "..\simulations\AdPlanitSimController\AdPlanitSimController.csproj", "{5DD355F9-FA7C-4B32-887C-6E5CFC730DBD}"
EndProject
Project("{FAE04EC0-301F-11D3-BF4B-00C04F79EFBC}") = "Utilities", "..\common\Utilities\Utilities.csproj", "{10C54ED2-05D3-4A92-90F2-5910545D38A3}"
EndProject
Project("{54435603-DBB4-11D2-8724-00A0C9A8B90C}") = "AdPlanitSimControllerInstaller", "..\simulations\AdPlanitSimController\AdPlanitSimControllerInstaller\AdPlanitSimControllerInstaller.vdproj", "{94155410-50F5-478B-83C9-4357D2118E39}"
EndProject
Project("{FAE04EC0-301F-11D3-BF4B-00C04F79EFBC}") = "BusinessCategoryReader", "BusinessCategoryReader\BusinessCategoryReader.csproj", "{0B71DE3C-F755-4930-B0E8-7398D36DAE64}"
	ProjectSection(ProjectDependencies) = postProject
		{13FDDD02-D803-4F17-BFA9-2905D3C0521C} = {13FDDD02-D803-4F17-BFA9-2905D3C0521C}
		{008A0919-4554-4AB2-A6F5-C67F8996257F} = {008A0919-4554-4AB2-A6F5-C67F8996257F}
		{73F9A774-7B05-4418-84AB-68DF155D2C84} = {73F9A774-7B05-4418-84AB-68DF155D2C84}
		{37D02378-0522-4980-AA94-0BBB88FB5FEF} = {37D02378-0522-4980-AA94-0BBB88FB5FEF}
		{AB097D92-6A0D-436D-B074-B4D008001866} = {AB097D92-6A0D-436D-B074-B4D008001866}
		{10C54ED2-05D3-4A92-90F2-5910545D38A3} = {10C54ED2-05D3-4A92-90F2-5910545D38A3}
		{44DD31E3-B3E1-4C2C-A1A0-06D0747F7E80} = {44DD31E3-B3E1-4C2C-A1A0-06D0747F7E80}
		{042635F8-77B9-4A08-B14C-FACDCEC02395} = {042635F8-77B9-4A08-B14C-FACDCEC02395}
		{5DD355F9-FA7C-4B32-887C-6E5CFC730DBD} = {5DD355F9-FA7C-4B32-887C-6E5CFC730DBD}
	EndProjectSection
EndProject
Global
	GlobalSection(SolutionConfigurationPlatforms) = preSolution
		Debug|Any CPU = Debug|Any CPU
		Release|Any CPU = Release|Any CPU
	EndGlobalSection
	GlobalSection(ProjectConfigurationPlatforms) = postSolution
		{7A13B3BB-E7CB-432A-8A08-2682F7CD97E7}.Debug|Any CPU.ActiveCfg = Debug|Any CPU
		{7A13B3BB-E7CB-432A-8A08-2682F7CD97E7}.Debug|Any CPU.Build.0 = Debug|Any CPU
		{7A13B3BB-E7CB-432A-8A08-2682F7CD97E7}.Release|Any CPU.ActiveCfg = Release|Any CPU
		{7A13B3BB-E7CB-432A-8A08-2682F7CD97E7}.Release|Any CPU.Build.0 = Release|Any CPU
		{DF0D5621-C2FE-4B78-8F25-03B210E2026F}.Debug|Any CPU.ActiveCfg = Debug|Any CPU
		{DF0D5621-C2FE-4B78-8F25-03B210E2026F}.Debug|Any CPU.Build.0 = Debug|Any CPU
		{DF0D5621-C2FE-4B78-8F25-03B210E2026F}.Release|Any CPU.ActiveCfg = Release|Any CPU
		{DF0D5621-C2FE-4B78-8F25-03B210E2026F}.Release|Any CPU.Build.0 = Release|Any CPU
		{73F9A774-7B05-4418-84AB-68DF155D2C84}.Debug|Any CPU.ActiveCfg = Debug|Any CPU
		{73F9A774-7B05-4418-84AB-68DF155D2C84}.Debug|Any CPU.Build.0 = Debug|Any CPU
		{73F9A774-7B05-4418-84AB-68DF155D2C84}.Release|Any CPU.ActiveCfg = Release|Any CPU
		{73F9A774-7B05-4418-84AB-68DF155D2C84}.Release|Any CPU.Build.0 = Release|Any CPU
		{AB097D92-6A0D-436D-B074-B4D008001866}.Debug|Any CPU.ActiveCfg = Debug|Any CPU
		{AB097D92-6A0D-436D-B074-B4D008001866}.Debug|Any CPU.Build.0 = Debug|Any CPU
		{AB097D92-6A0D-436D-B074-B4D008001866}.Release|Any CPU.ActiveCfg = Release|Any CPU
		{AB097D92-6A0D-436D-B074-B4D008001866}.Release|Any CPU.Build.0 = Release|Any CPU
		{37D02378-0522-4980-AA94-0BBB88FB5FEF}.Debug|Any CPU.ActiveCfg = Debug|Any CPU
		{37D02378-0522-4980-AA94-0BBB88FB5FEF}.Debug|Any CPU.Build.0 = Debug|Any CPU
		{37D02378-0522-4980-AA94-0BBB88FB5FEF}.Release|Any CPU.ActiveCfg = Release|Any CPU
		{37D02378-0522-4980-AA94-0BBB88FB5FEF}.Release|Any CPU.Build.0 = Release|Any CPU
		{44DD31E3-B3E1-4C2C-A1A0-06D0747F7E80}.Debug|Any CPU.ActiveCfg = Debug|Any CPU
		{44DD31E3-B3E1-4C2C-A1A0-06D0747F7E80}.Debug|Any CPU.Build.0 = Debug|Any CPU
		{44DD31E3-B3E1-4C2C-A1A0-06D0747F7E80}.Release|Any CPU.ActiveCfg = Release|Any CPU
		{44DD31E3-B3E1-4C2C-A1A0-06D0747F7E80}.Release|Any CPU.Build.0 = Release|Any CPU
		{13FDDD02-D803-4F17-BFA9-2905D3C0521C}.Debug|Any CPU.ActiveCfg = Debug|Any CPU
		{13FDDD02-D803-4F17-BFA9-2905D3C0521C}.Debug|Any CPU.Build.0 = Debug|Any CPU
		{13FDDD02-D803-4F17-BFA9-2905D3C0521C}.Release|Any CPU.ActiveCfg = Release|Any CPU
		{13FDDD02-D803-4F17-BFA9-2905D3C0521C}.Release|Any CPU.Build.0 = Release|Any CPU
		{0AE3DE75-ECDE-4124-B8E1-0B1C8698C0F7}.Debug|Any CPU.ActiveCfg = Debug|Any CPU
		{0AE3DE75-ECDE-4124-B8E1-0B1C8698C0F7}.Debug|Any CPU.Build.0 = Debug|Any CPU
		{0AE3DE75-ECDE-4124-B8E1-0B1C8698C0F7}.Release|Any CPU.ActiveCfg = Release|Any CPU
		{0AE3DE75-ECDE-4124-B8E1-0B1C8698C0F7}.Release|Any CPU.Build.0 = Release|Any CPU
		{008A0919-4554-4AB2-A6F5-C67F8996257F}.Debug|Any CPU.ActiveCfg = Debug|Any CPU
		{008A0919-4554-4AB2-A6F5-C67F8996257F}.Debug|Any CPU.Build.0 = Debug|Any CPU
		{008A0919-4554-4AB2-A6F5-C67F8996257F}.Release|Any CPU.ActiveCfg = Release|Any CPU
		{008A0919-4554-4AB2-A6F5-C67F8996257F}.Release|Any CPU.Build.0 = Release|Any CPU
		{A9C3EB8A-136E-4BE1-8F46-3225BEAD9A44}.Debug|Any CPU.ActiveCfg = Debug|Any CPU
		{A9C3EB8A-136E-4BE1-8F46-3225BEAD9A44}.Debug|Any CPU.Build.0 = Debug|Any CPU
		{A9C3EB8A-136E-4BE1-8F46-3225BEAD9A44}.Release|Any CPU.ActiveCfg = Release|Any CPU
		{A9C3EB8A-136E-4BE1-8F46-3225BEAD9A44}.Release|Any CPU.Build.0 = Release|Any CPU
		{41FA76A9-6421-4A34-8AD4-CB6D6C7EF797}.Debug|Any CPU.ActiveCfg = Debug
		{41FA76A9-6421-4A34-8AD4-CB6D6C7EF797}.Release|Any CPU.ActiveCfg = Release
		{41FA76A9-6421-4A34-8AD4-CB6D6C7EF797}.Release|Any CPU.Build.0 = Release
		{439DF11F-8754-4BF5-A97A-8A6B9EFB5A6E}.Debug|Any CPU.ActiveCfg = Debug|Any CPU
		{439DF11F-8754-4BF5-A97A-8A6B9EFB5A6E}.Debug|Any CPU.Build.0 = Debug|Any CPU
		{439DF11F-8754-4BF5-A97A-8A6B9EFB5A6E}.Release|Any CPU.ActiveCfg = Release|Any CPU
		{439DF11F-8754-4BF5-A97A-8A6B9EFB5A6E}.Release|Any CPU.Build.0 = Release|Any CPU
		{CE0840DF-478E-4FE6-845F-F62A41DC60F7}.Debug|Any CPU.ActiveCfg = Debug|Any CPU
		{CE0840DF-478E-4FE6-845F-F62A41DC60F7}.Debug|Any CPU.Build.0 = Debug|Any CPU
		{CE0840DF-478E-4FE6-845F-F62A41DC60F7}.Release|Any CPU.ActiveCfg = Release|Any CPU
		{CE0840DF-478E-4FE6-845F-F62A41DC60F7}.Release|Any CPU.Build.0 = Release|Any CPU
		{042635F8-77B9-4A08-B14C-FACDCEC02395}.Debug|Any CPU.ActiveCfg = Debug|Any CPU
		{042635F8-77B9-4A08-B14C-FACDCEC02395}.Debug|Any CPU.Build.0 = Debug|Any CPU
		{042635F8-77B9-4A08-B14C-FACDCEC02395}.Release|Any CPU.ActiveCfg = Release|Any CPU
		{042635F8-77B9-4A08-B14C-FACDCEC02395}.Release|Any CPU.Build.0 = Release|Any CPU
		{B26B3E59-D5C1-4021-B6CC-466B154F4939}.Debug|Any CPU.ActiveCfg = Debug|Any CPU
		{B26B3E59-D5C1-4021-B6CC-466B154F4939}.Debug|Any CPU.Build.0 = Debug|Any CPU
		{B26B3E59-D5C1-4021-B6CC-466B154F4939}.Release|Any CPU.ActiveCfg = Release|Any CPU
		{B26B3E59-D5C1-4021-B6CC-466B154F4939}.Release|Any CPU.Build.0 = Release|Any CPU
		{5DD355F9-FA7C-4B32-887C-6E5CFC730DBD}.Debug|Any CPU.ActiveCfg = Debug|Any CPU
		{5DD355F9-FA7C-4B32-887C-6E5CFC730DBD}.Debug|Any CPU.Build.0 = Debug|Any CPU
		{5DD355F9-FA7C-4B32-887C-6E5CFC730DBD}.Release|Any CPU.ActiveCfg = Release|Any CPU
		{5DD355F9-FA7C-4B32-887C-6E5CFC730DBD}.Release|Any CPU.Build.0 = Release|Any CPU
		{10C54ED2-05D3-4A92-90F2-5910545D38A3}.Debug|Any CPU.ActiveCfg = Debug|Any CPU
		{10C54ED2-05D3-4A92-90F2-5910545D38A3}.Debug|Any CPU.Build.0 = Debug|Any CPU
		{10C54ED2-05D3-4A92-90F2-5910545D38A3}.Release|Any CPU.ActiveCfg = Release|Any CPU
		{10C54ED2-05D3-4A92-90F2-5910545D38A3}.Release|Any CPU.Build.0 = Release|Any CPU
		{94155410-50F5-478B-83C9-4357D2118E39}.Debug|Any CPU.ActiveCfg = Debug
		{94155410-50F5-478B-83C9-4357D2118E39}.Release|Any CPU.ActiveCfg = Release
		{94155410-50F5-478B-83C9-4357D2118E39}.Release|Any CPU.Build.0 = Release
		{0B71DE3C-F755-4930-B0E8-7398D36DAE64}.Debug|Any CPU.ActiveCfg = Debug|Any CPU
		{0B71DE3C-F755-4930-B0E8-7398D36DAE64}.Debug|Any CPU.Build.0 = Debug|Any CPU
		{0B71DE3C-F755-4930-B0E8-7398D36DAE64}.Release|Any CPU.ActiveCfg = Release|Any CPU
		{0B71DE3C-F755-4930-B0E8-7398D36DAE64}.Release|Any CPU.Build.0 = Release|Any CPU
	EndGlobalSection
	GlobalSection(SolutionProperties) = preSolution
		HideSolutionNode = FALSE
	EndGlobalSection
EndGlobal
