
Microsoft Visual Studio Solution File, Format Version 9.00
# Visual Studio 2005
Project("{FAE04EC0-301F-11D3-BF4B-00C04F79EFBC}") = "Data Importer", "Data Importer.csproj", "{2EA24173-CD25-4B54-988B-0AA18283C583}"
EndProject
Global
	GlobalSection(SolutionConfigurationPlatforms) = preSolution
		Debug|Any CPU = Debug|Any CPU
		Release|Any CPU = Release|Any CPU
	EndGlobalSection
	GlobalSection(ProjectConfigurationPlatforms) = postSolution
		{2EA24173-CD25-4B54-988B-0AA18283C583}.Debug|Any CPU.ActiveCfg = Debug|Any CPU
		{2EA24173-CD25-4B54-988B-0AA18283C583}.Debug|Any CPU.Build.0 = Debug|Any CPU
		{2EA24173-CD25-4B54-988B-0AA18283C583}.Release|Any CPU.ActiveCfg = Release|Any CPU
		{2EA24173-CD25-4B54-988B-0AA18283C583}.Release|Any CPU.Build.0 = Release|Any CPU
	EndGlobalSection
	GlobalSection(SolutionProperties) = preSolution
		HideSolutionNode = FALSE
	EndGlobalSection
EndGlobal
